{
  "version": 4,
  "terraform_version": "1.9.6",
  "serial": 9,
  "lineage": "78e748cd-183d-b438-4d39-95eb1b1495b2",
  "outputs": {},
  "resources": [
    {
      "module": "module.aws_s3_bucket",
      "mode": "data",
      "type": "aws_caller_identity",
      "name": "current",
      "provider": "provider[\"registry.terraform.io/hashicorp/aws\"]",
      "instances": [
        {
          "schema_version": 0,
          "attributes": {
            "account_id": "124528756043",
            "arn": "arn:aws:sts::124528756043:assumed-role/AWSReservedSSO_AdministratorAccess_d31971d44147d2d5/jwadkins",
            "id": "124528756043",
            "user_id": "AROARZ7T6AVFV3KKXFK4R:jwadkins"
          },
          "sensitive_attributes": []
        }
      ]
    },
    {
      "module": "module.aws_s3_bucket",
      "mode": "data",
      "type": "aws_canonical_user_id",
      "name": "this",
      "provider": "provider[\"registry.terraform.io/hashicorp/aws\"]",
      "instances": [
        {
          "index_key": 0,
          "schema_version": 0,
          "attributes": {
            "display_name": "meeplemasters",
            "id": "3a64c112d727fd53babafe52d7cff1226dd7d16189eb57351db8f8ce7c1fc41c"
          },
          "sensitive_attributes": []
        }
      ]
    },
    {
      "module": "module.aws_s3_bucket",
      "mode": "data",
      "type": "aws_partition",
      "name": "current",
      "provider": "provider[\"registry.terraform.io/hashicorp/aws\"]",
      "instances": [
        {
          "schema_version": 0,
          "attributes": {
            "dns_suffix": "amazonaws.com",
            "id": "aws",
            "partition": "aws",
            "reverse_dns_prefix": "com.amazonaws"
          },
          "sensitive_attributes": []
        }
      ]
    },
    {
      "module": "module.aws_s3_bucket",
      "mode": "data",
      "type": "aws_region",
      "name": "current",
      "provider": "provider[\"registry.terraform.io/hashicorp/aws\"]",
      "instances": [
        {
          "schema_version": 0,
          "attributes": {
            "description": "US West (Oregon)",
            "endpoint": "ec2.us-west-2.amazonaws.com",
            "id": "us-west-2",
            "name": "us-west-2"
          },
          "sensitive_attributes": []
        }
      ]
    },
    {
      "module": "module.aws_s3_bucket",
      "mode": "managed",
      "type": "aws_s3_bucket",
      "name": "this",
      "provider": "provider[\"registry.terraform.io/hashicorp/aws\"]",
      "instances": [
        {
          "index_key": 0,
          "schema_version": 0,
          "attributes": {
            "acceleration_status": "",
            "acl": null,
            "arn": "arn:aws:s3:::meeplemasters-tfstate",
            "bucket": "meeplemasters-tfstate",
            "bucket_domain_name": "meeplemasters-tfstate.s3.amazonaws.com",
            "bucket_prefix": "",
            "bucket_regional_domain_name": "meeplemasters-tfstate.s3.us-west-2.amazonaws.com",
            "cors_rule": [],
            "force_destroy": false,
            "grant": [
              {
                "id": "3a64c112d727fd53babafe52d7cff1226dd7d16189eb57351db8f8ce7c1fc41c",
                "permissions": [
                  "FULL_CONTROL"
                ],
                "type": "CanonicalUser",
                "uri": ""
              }
            ],
            "hosted_zone_id": "Z3BJ6K6RIION7M",
            "id": "meeplemasters-tfstate",
            "lifecycle_rule": [],
            "logging": [],
            "object_lock_configuration": [],
            "object_lock_enabled": false,
            "policy": "",
            "region": "us-west-2",
            "replication_configuration": [],
            "request_payer": "BucketOwner",
            "server_side_encryption_configuration": [
              {
                "rule": [
                  {
                    "apply_server_side_encryption_by_default": [
                      {
                        "kms_master_key_id": "",
                        "sse_algorithm": "AES256"
                      }
                    ],
                    "bucket_key_enabled": false
                  }
                ]
              }
            ],
            "tags": {},
            "tags_all": {},
            "timeouts": null,
            "versioning": [
              {
                "enabled": true,
                "mfa_delete": false
              }
            ],
            "website": [],
            "website_domain": null,
            "website_endpoint": null
          },
          "sensitive_attributes": [],
          "private": "eyJlMmJmYjczMC1lY2FhLTExZTYtOGY4OC0zNDM2M2JjN2M0YzAiOnsiY3JlYXRlIjoxMjAwMDAwMDAwMDAwLCJkZWxldGUiOjM2MDAwMDAwMDAwMDAsInJlYWQiOjEyMDAwMDAwMDAwMDAsInVwZGF0ZSI6MTIwMDAwMDAwMDAwMH19"
        }
      ]
    },
    {
      "module": "module.aws_s3_bucket",
      "mode": "managed",
      "type": "aws_s3_bucket_acl",
      "name": "this",
      "provider": "provider[\"registry.terraform.io/hashicorp/aws\"]",
      "instances": [
        {
          "index_key": 0,
          "schema_version": 0,
          "attributes": {
            "access_control_policy": [
              {
                "grant": [
                  {
                    "grantee": [
                      {
                        "display_name": "meeplemasters",
                        "email_address": "",
                        "id": "3a64c112d727fd53babafe52d7cff1226dd7d16189eb57351db8f8ce7c1fc41c",
                        "type": "CanonicalUser",
                        "uri": ""
                      }
                    ],
                    "permission": "FULL_CONTROL"
                  }
                ],
                "owner": [
                  {
                    "display_name": "meeplemasters",
                    "id": "3a64c112d727fd53babafe52d7cff1226dd7d16189eb57351db8f8ce7c1fc41c"
                  }
                ]
              }
            ],
            "acl": "private",
            "bucket": "meeplemasters-tfstate",
            "expected_bucket_owner": "",
            "id": "meeplemasters-tfstate,private"
          },
          "sensitive_attributes": [],
          "private": "bnVsbA==",
          "dependencies": [
            "module.aws_s3_bucket.aws_s3_bucket.this",
            "module.aws_s3_bucket.aws_s3_bucket_ownership_controls.this",
            "module.aws_s3_bucket.aws_s3_bucket_policy.this",
            "module.aws_s3_bucket.aws_s3_bucket_public_access_block.this",
            "module.aws_s3_bucket.data.aws_caller_identity.current",
            "module.aws_s3_bucket.data.aws_canonical_user_id.this",
            "module.aws_s3_bucket.data.aws_iam_policy_document.access_log_delivery",
            "module.aws_s3_bucket.data.aws_iam_policy_document.combined",
            "module.aws_s3_bucket.data.aws_iam_policy_document.deny_incorrect_encryption_headers",
            "module.aws_s3_bucket.data.aws_iam_policy_document.deny_incorrect_kms_key_sse",
            "module.aws_s3_bucket.data.aws_iam_policy_document.deny_insecure_transport",
            "module.aws_s3_bucket.data.aws_iam_policy_document.deny_unencrypted_object_uploads",
            "module.aws_s3_bucket.data.aws_iam_policy_document.elb_log_delivery",
            "module.aws_s3_bucket.data.aws_iam_policy_document.inventory_and_analytics_destination_policy",
            "module.aws_s3_bucket.data.aws_iam_policy_document.lb_log_delivery",
            "module.aws_s3_bucket.data.aws_iam_policy_document.require_latest_tls",
            "module.aws_s3_bucket.data.aws_partition.current",
            "module.aws_s3_bucket.data.aws_region.current"
          ]
        }
      ]
    },
    {
      "module": "module.aws_s3_bucket",
      "mode": "managed",
      "type": "aws_s3_bucket_ownership_controls",
      "name": "this",
      "provider": "provider[\"registry.terraform.io/hashicorp/aws\"]",
      "instances": [
        {
          "index_key": 0,
          "schema_version": 0,
          "attributes": {
            "bucket": "meeplemasters-tfstate",
            "id": "meeplemasters-tfstate",
            "rule": [
              {
                "object_ownership": "ObjectWriter"
              }
            ]
          },
          "sensitive_attributes": [],
          "private": "bnVsbA==",
          "dependencies": [
            "module.aws_s3_bucket.aws_s3_bucket.this",
            "module.aws_s3_bucket.aws_s3_bucket_policy.this",
            "module.aws_s3_bucket.aws_s3_bucket_public_access_block.this",
            "module.aws_s3_bucket.data.aws_caller_identity.current",
            "module.aws_s3_bucket.data.aws_iam_policy_document.access_log_delivery",
            "module.aws_s3_bucket.data.aws_iam_policy_document.combined",
            "module.aws_s3_bucket.data.aws_iam_policy_document.deny_incorrect_encryption_headers",
            "module.aws_s3_bucket.data.aws_iam_policy_document.deny_incorrect_kms_key_sse",
            "module.aws_s3_bucket.data.aws_iam_policy_document.deny_insecure_transport",
            "module.aws_s3_bucket.data.aws_iam_policy_document.deny_unencrypted_object_uploads",
            "module.aws_s3_bucket.data.aws_iam_policy_document.elb_log_delivery",
            "module.aws_s3_bucket.data.aws_iam_policy_document.inventory_and_analytics_destination_policy",
            "module.aws_s3_bucket.data.aws_iam_policy_document.lb_log_delivery",
            "module.aws_s3_bucket.data.aws_iam_policy_document.require_latest_tls",
            "module.aws_s3_bucket.data.aws_partition.current",
            "module.aws_s3_bucket.data.aws_region.current"
          ]
        }
      ]
    },
    {
      "module": "module.aws_s3_bucket",
      "mode": "managed",
      "type": "aws_s3_bucket_public_access_block",
      "name": "this",
      "provider": "provider[\"registry.terraform.io/hashicorp/aws\"]",
      "instances": [
        {
          "index_key": 0,
          "schema_version": 0,
          "attributes": {
            "block_public_acls": true,
            "block_public_policy": true,
            "bucket": "meeplemasters-tfstate",
            "id": "meeplemasters-tfstate",
            "ignore_public_acls": true,
            "restrict_public_buckets": true
          },
          "sensitive_attributes": [],
          "private": "bnVsbA==",
          "dependencies": [
            "module.aws_s3_bucket.aws_s3_bucket.this"
          ]
        }
      ]
    },
    {
      "module": "module.aws_s3_bucket",
      "mode": "managed",
      "type": "aws_s3_bucket_versioning",
      "name": "this",
      "provider": "provider[\"registry.terraform.io/hashicorp/aws\"]",
      "instances": [
        {
          "index_key": 0,
          "schema_version": 0,
          "attributes": {
            "bucket": "meeplemasters-tfstate",
            "expected_bucket_owner": "",
            "id": "meeplemasters-tfstate",
            "mfa": null,
            "versioning_configuration": [
              {
                "mfa_delete": "",
                "status": "Enabled"
              }
            ]
          },
          "sensitive_attributes": [],
          "private": "bnVsbA==",
          "dependencies": [
            "module.aws_s3_bucket.aws_s3_bucket.this"
          ]
        }
      ]
    }
  ],
  "check_results": null
}
